Microsoft Visual Studio Solution File, Format Version 10.00
# Visual Studio 2008
Project("{FAE04EC0-301F-11D3-BF4B-00C04F79EFBC}") = "EX3", "EX3.csproj", "{FC8DDF13-76F2-407A-92E4-47D06DDE453F}"
EndProject
Global
	GlobalSection(SolutionConfigurationPlatforms) = preSolution
		Debug|Any CPU = Debug|Any CPU
		Release|Any CPU = Release|Any CPU
	EndGlobalSection
	GlobalSection(ProjectConfigurationPlatforms) = postSolution
		{FC8DDF13-76F2-407A-92E4-47D06DDE453F}.Debug|Any CPU.ActiveCfg = Debug|Any CPU
		{FC8DDF13-76F2-407A-92E4-47D06DDE453F}.Debug|Any CPU.Build.0 = Debug|Any CPU
		{FC8DDF13-76F2-407A-92E4-47D06DDE453F}.Release|Any CPU.ActiveCfg = Release|Any CPU
		{FC8DDF13-76F2-407A-92E4-47D06DDE453F}.Release|Any CPU.Build.0 = Release|Any CPU
	EndGlobalSection
	GlobalSection(SolutionProperties) = preSolution
		HideSolutionNode = FALSE
	EndGlobalSection
EndGlobal
