Microsoft Visual Studio Solution File, Format Version 10.00
# Visual Studio 2008
Project("{F184B08F-C81C-45F6-A57F-5ABD9991F28F}") = "EX1", "EX1.vbproj", "{3CA1E453-C790-46D1-AA23-5920053D927E}"
EndProject
Global
	GlobalSection(SolutionConfigurationPlatforms) = preSolution
		Debug|Any CPU = Debug|Any CPU
		Release|Any CPU = Release|Any CPU
	EndGlobalSection
	GlobalSection(ProjectConfigurationPlatforms) = postSolution
		{3CA1E453-C790-46D1-AA23-5920053D927E}.Debug|Any CPU.ActiveCfg = Debug|Any CPU
		{3CA1E453-C790-46D1-AA23-5920053D927E}.Debug|Any CPU.Build.0 = Debug|Any CPU
		{3CA1E453-C790-46D1-AA23-5920053D927E}.Release|Any CPU.ActiveCfg = Release|Any CPU
		{3CA1E453-C790-46D1-AA23-5920053D927E}.Release|Any CPU.Build.0 = Release|Any CPU
	EndGlobalSection
	GlobalSection(SolutionProperties) = preSolution
		HideSolutionNode = FALSE
	EndGlobalSection
EndGlobal
